
Microsoft Visual Studio Solution File, Format Version 12.00
# Visual Studio 15
VisualStudioVersion = 15.0.26430.15
MinimumVisualStudioVersion = 10.0.40219.1
Project("{FAE04EC0-301F-11D3-BF4B-00C04F79EFBC}") = "GoF_CSharp", "GoF_CSharp\GoF_CSharp.csproj", "{6D178C43-25EF-4084-BEAB-A3D3FCECDF00}"
EndProject
Project("{FAE04EC0-301F-11D3-BF4B-00C04F79EFBC}") = "Domain", "Domain\Domain.csproj", "{EC353E52-569D-4641-90AF-777102BAAEDA}"
EndProject
Global
	GlobalSection(SolutionConfigurationPlatforms) = preSolution
		Debug|Any CPU = Debug|Any CPU
		Release|Any CPU = Release|Any CPU
	EndGlobalSection
	GlobalSection(ProjectConfigurationPlatforms) = postSolution
		{6D178C43-25EF-4084-BEAB-A3D3FCECDF00}.Debug|Any CPU.ActiveCfg = Debug|Any CPU
		{6D178C43-25EF-4084-BEAB-A3D3FCECDF00}.Debug|Any CPU.Build.0 = Debug|Any CPU
		{6D178C43-25EF-4084-BEAB-A3D3FCECDF00}.Release|Any CPU.ActiveCfg = Release|Any CPU
		{6D178C43-25EF-4084-BEAB-A3D3FCECDF00}.Release|Any CPU.Build.0 = Release|Any CPU
		{EC353E52-569D-4641-90AF-777102BAAEDA}.Debug|Any CPU.ActiveCfg = Debug|Any CPU
		{EC353E52-569D-4641-90AF-777102BAAEDA}.Debug|Any CPU.Build.0 = Debug|Any CPU
		{EC353E52-569D-4641-90AF-777102BAAEDA}.Release|Any CPU.ActiveCfg = Release|Any CPU
		{EC353E52-569D-4641-90AF-777102BAAEDA}.Release|Any CPU.Build.0 = Release|Any CPU
	EndGlobalSection
	GlobalSection(SolutionProperties) = preSolution
		HideSolutionNode = FALSE
	EndGlobalSection
EndGlobal
